
Microsoft Visual Studio Solution File, Format Version 12.00
# Visual Studio Version 16
VisualStudioVersion = 16.0.30204.135
MinimumVisualStudioVersion = 10.0.40219.1
Project("{FAE04EC0-301F-11D3-BF4B-00C04F79EFBC}") = "RollSlot", "RollSlot\RollSlot.csproj", "{14D6116F-86A4-45B0-A968-8DA7A5B1ABD3}"
EndProject
Global
	GlobalSection(SolutionConfigurationPlatforms) = preSolution
		Debug|Any CPU = Debug|Any CPU
		Release|Any CPU = Release|Any CPU
	EndGlobalSection
	GlobalSection(ProjectConfigurationPlatforms) = postSolution
		{14D6116F-86A4-45B0-A968-8DA7A5B1ABD3}.Debug|Any CPU.ActiveCfg = Debug|Any CPU
		{14D6116F-86A4-45B0-A968-8DA7A5B1ABD3}.Debug|Any CPU.Build.0 = Debug|Any CPU
		{14D6116F-86A4-45B0-A968-8DA7A5B1ABD3}.Release|Any CPU.ActiveCfg = Release|Any CPU
		{14D6116F-86A4-45B0-A968-8DA7A5B1ABD3}.Release|Any CPU.Build.0 = Release|Any CPU
	EndGlobalSection
	GlobalSection(SolutionProperties) = preSolution
		HideSolutionNode = FALSE
	EndGlobalSection
	GlobalSection(ExtensibilityGlobals) = postSolution
		SolutionGuid = {9CDDCFBF-88C4-46F0-A342-AEA05F967ACE}
	EndGlobalSection
EndGlobal
